
Microsoft Visual Studio Solution File, Format Version 12.00
# Visual Studio Version 17
VisualStudioVersion = 17.9.34723.18
MinimumVisualStudioVersion = 10.0.40219.1
Project("{9A19103F-16F7-4668-BE54-9A1E7A4F7556}") = "MauiEEkaart", "MauiEEkaart.csproj", "{C20CC22B-AF98-4B17-A910-EA13A3D41E75}"
EndProject
Global
	GlobalSection(SolutionConfigurationPlatforms) = preSolution
		Debug|Any CPU = Debug|Any CPU
		Release|Any CPU = Release|Any CPU
	EndGlobalSection
	GlobalSection(ProjectConfigurationPlatforms) = postSolution
		{C20CC22B-AF98-4B17-A910-EA13A3D41E75}.Debug|Any CPU.ActiveCfg = Debug|Any CPU
		{C20CC22B-AF98-4B17-A910-EA13A3D41E75}.Debug|Any CPU.Build.0 = Debug|Any CPU
		{C20CC22B-AF98-4B17-A910-EA13A3D41E75}.Debug|Any CPU.Deploy.0 = Debug|Any CPU
		{C20CC22B-AF98-4B17-A910-EA13A3D41E75}.Release|Any CPU.ActiveCfg = Release|Any CPU
		{C20CC22B-AF98-4B17-A910-EA13A3D41E75}.Release|Any CPU.Build.0 = Release|Any CPU
		{C20CC22B-AF98-4B17-A910-EA13A3D41E75}.Release|Any CPU.Deploy.0 = Release|Any CPU
	EndGlobalSection
	GlobalSection(SolutionProperties) = preSolution
		HideSolutionNode = FALSE
	EndGlobalSection
	GlobalSection(ExtensibilityGlobals) = postSolution
		SolutionGuid = {683C372D-E24E-4161-9226-BAD7E28623F3}
	EndGlobalSection
EndGlobal
